
Microsoft Visual Studio Solution File, Format Version 11.00
# Visual Studio 2010
Project("{FAE04EC0-301F-11D3-BF4B-00C04F79EFBC}") = "Assembly-CSharp", "Assembly-CSharp.csproj", "{55A6D548-A41D-69D3-9BAB-55CF1E373621}"
EndProject
Global
	GlobalSection(SolutionConfigurationPlatforms) = preSolution
		Debug|Any CPU = Debug|Any CPU
		Release|Any CPU = Release|Any CPU
	EndGlobalSection
	GlobalSection(ProjectConfigurationPlatforms) = postSolution
		{55A6D548-A41D-69D3-9BAB-55CF1E373621}.Debug|Any CPU.ActiveCfg = Debug|Any CPU
		{55A6D548-A41D-69D3-9BAB-55CF1E373621}.Debug|Any CPU.Build.0 = Debug|Any CPU
		{55A6D548-A41D-69D3-9BAB-55CF1E373621}.Release|Any CPU.ActiveCfg = Release|Any CPU
		{55A6D548-A41D-69D3-9BAB-55CF1E373621}.Release|Any CPU.Build.0 = Release|Any CPU
	EndGlobalSection
	GlobalSection(SolutionProperties) = preSolution
		HideSolutionNode = FALSE
	EndGlobalSection
EndGlobal
